// !$*UTF8*$!
{
	archiveVersion = 1;
	classes = {
	};
	objectVersion = 51;
	objects = {

/* Begin PBXBuildFile section */
		AA244A2DC33F1696CFC13368 /* Pods_HeadLight2020.framework in Frameworks */ = {isa = PBXBuildFile; fileRef = 8CBAC868CCFA279193463738 /* Pods_HeadLight2020.framework */; };
		BF41A12024D771B800228F81 /* State.swift in Sources */ = {isa = PBXBuildFile; fileRef = BF41A11F24D771B800228F81 /* State.swift */; };
		BF41A12224D7790C00228F81 /* StateHolder.swift in Sources */ = {isa = PBXBuildFile; fileRef = BF41A12124D7790C00228F81 /* StateHolder.swift */; };
		BF436D0B2501050E000A7722 /* FadeScrollView.swift in Sources */ = {isa = PBXBuildFile; fileRef = BF436D0A2501050E000A7722 /* FadeScrollView.swift */; };
		BF436D0D250397B0000A7722 /* AboutTexts.swift in Sources */ = {isa = PBXBuildFile; fileRef = BF436D0C250397B0000A7722 /* AboutTexts.swift */; };
		BF436D0F25067CDF000A7722 /* TipsTexts.swift in Sources */ = {isa = PBXBuildFile; fileRef = BF436D0E25067CDF000A7722 /* TipsTexts.swift */; };
		BF436D112506DE0B000A7722 /* RestoreController.swift in Sources */ = {isa = PBXBuildFile; fileRef = BF436D102506DE0A000A7722 /* RestoreController.swift */; };
		BF4A255D24D839D100E03B6C /* Poppins-Light.ttf in Resources */ = {isa = PBXBuildFile; fileRef = BF4A255C24D839D000E03B6C /* Poppins-Light.ttf */; };
		BF55027224EC724A00B6B7C5 /* Lora-Regular.ttf in Resources */ = {isa = PBXBuildFile; fileRef = BF55027124EC724A00B6B7C5 /* Lora-Regular.ttf */; };
		BF55027424EC725200B6B7C5 /* Lora-Medium.ttf in Resources */ = {isa = PBXBuildFile; fileRef = BF55027324EC725200B6B7C5 /* Lora-Medium.ttf */; };
		BF634E8624CB13C80050CE69 /* Poppins-SemiBold.ttf in Resources */ = {isa = PBXBuildFile; fileRef = BF634E8524CB13C80050CE69 /* Poppins-SemiBold.ttf */; };
		BF634E8824CB13CF0050CE69 /* Poppins-Italic.ttf in Resources */ = {isa = PBXBuildFile; fileRef = BF634E8724CB13CF0050CE69 /* Poppins-Italic.ttf */; };
		BF634E8C24CDC22A0050CE69 /* PulseAnimation.swift in Sources */ = {isa = PBXBuildFile; fileRef = BF634E8B24CDC22A0050CE69 /* PulseAnimation.swift */; };
		BF634E8E24CDF2270050CE69 /* MenuListController.swift in Sources */ = {isa = PBXBuildFile; fileRef = BF634E8D24CDF2270050CE69 /* MenuListController.swift */; };
		BF634E9024CE42770050CE69 /* HowToUseController.swift in Sources */ = {isa = PBXBuildFile; fileRef = BF634E8F24CE42770050CE69 /* HowToUseController.swift */; };
		BF70F6E624C71A2B0044F6B3 /* CameraCapture.swift in Sources */ = {isa = PBXBuildFile; fileRef = BF70F6E524C71A2B0044F6B3 /* CameraCapture.swift */; };
		BF70F6EA24C849450044F6B3 /* Constants.swift in Sources */ = {isa = PBXBuildFile; fileRef = BF70F6E924C849450044F6B3 /* Constants.swift */; };
		BF70F6EC24C84D650044F6B3 /* MotionSensor.swift in Sources */ = {isa = PBXBuildFile; fileRef = BF70F6EB24C84D650044F6B3 /* MotionSensor.swift */; };
		BF70F6F624C888180044F6B3 /* Poppins-ExtraLight.ttf in Resources */ = {isa = PBXBuildFile; fileRef = BF70F6F524C887DB0044F6B3 /* Poppins-ExtraLight.ttf */; };
		BF75E3E524E1CACC000E9F7C /* Result.swift in Sources */ = {isa = PBXBuildFile; fileRef = BF75E3E424E1CACC000E9F7C /* Result.swift */; };
		BF75E3E724E1CB37000E9F7C /* FourierModel.swift in Sources */ = {isa = PBXBuildFile; fileRef = BF75E3E624E1CB37000E9F7C /* FourierModel.swift */; };
		BF75E3E924E1E925000E9F7C /* Poppins-ExtraBold.ttf in Resources */ = {isa = PBXBuildFile; fileRef = BF75E3E824E1E925000E9F7C /* Poppins-ExtraBold.ttf */; };
		BF75E3EB24E1EF1E000E9F7C /* Poppins-BlackItalic.ttf in Resources */ = {isa = PBXBuildFile; fileRef = BF75E3EA24E1EF1E000E9F7C /* Poppins-BlackItalic.ttf */; };
		BF75E3ED24E40523000E9F7C /* ResultSwipingController.swift in Sources */ = {isa = PBXBuildFile; fileRef = BF75E3EC24E40523000E9F7C /* ResultSwipingController.swift */; };
		BF75E3EF24E40CCB000E9F7C /* ResultsCell.swift in Sources */ = {isa = PBXBuildFile; fileRef = BF75E3EE24E40CCB000E9F7C /* ResultsCell.swift */; };
		BF75E3F124E4425A000E9F7C /* Poppins-Medium.ttf in Resources */ = {isa = PBXBuildFile; fileRef = BF75E3F024E4425A000E9F7C /* Poppins-Medium.ttf */; };
		BF75E3FB24E68124000E9F7C /* Launcher.xib in Resources */ = {isa = PBXBuildFile; fileRef = BF75E3FA24E68124000E9F7C /* Launcher.xib */; };
		BF75E3FD24E68149000E9F7C /* LaunchScreenManager.swift in Sources */ = {isa = PBXBuildFile; fileRef = BF75E3FC24E68149000E9F7C /* LaunchScreenManager.swift */; };
		BF7778AE24EC8318006F891B /* GrandHotel-Regular.ttf in Resources */ = {isa = PBXBuildFile; fileRef = BF7778AD24EC8318006F891B /* GrandHotel-Regular.ttf */; };
		BF7778B024EC83BC006F891B /* Sacramento-Regular.ttf in Resources */ = {isa = PBXBuildFile; fileRef = BF7778AF24EC83BC006F891B /* Sacramento-Regular.ttf */; };
		BF7778B624EDC7CB006F891B /* HowToSwiperController.swift in Sources */ = {isa = PBXBuildFile; fileRef = BF7778B524EDC7CB006F891B /* HowToSwiperController.swift */; };
		BF7778B824EDC7EB006F891B /* HowToCell.swift in Sources */ = {isa = PBXBuildFile; fileRef = BF7778B724EDC7EB006F891B /* HowToCell.swift */; };
		BF7778BA24EDC878006F891B /* HowToSlide.swift in Sources */ = {isa = PBXBuildFile; fileRef = BF7778B924EDC878006F891B /* HowToSlide.swift */; };
		BF7778BC24EFABDC006F891B /* TipsViewController.swift in Sources */ = {isa = PBXBuildFile; fileRef = BF7778BB24EFABDC006F891B /* TipsViewController.swift */; };
		BF7778BE24EFC2DF006F891B /* Switcher.swift in Sources */ = {isa = PBXBuildFile; fileRef = BF7778BD24EFC2DE006F891B /* Switcher.swift */; };
		BF7778C024EFF8AC006F891B /* AboutViewController.swift in Sources */ = {isa = PBXBuildFile; fileRef = BF7778BF24EFF8AC006F891B /* AboutViewController.swift */; };
		BF7778C224F00C29006F891B /* StoreKit.framework in Frameworks */ = {isa = PBXBuildFile; fileRef = BF7778C124F00C29006F891B /* StoreKit.framework */; };
		BF8210AF24CF1D77000F4A74 /* CustomCell.swift in Sources */ = {isa = PBXBuildFile; fileRef = BF8210AE24CF1D77000F4A74 /* CustomCell.swift */; };
		BF950BC724F41E010091F7F4 /* HealthTexts.swift in Sources */ = {isa = PBXBuildFile; fileRef = BF950BC624F41E010091F7F4 /* HealthTexts.swift */; };
		BF950BC924F52E630091F7F4 /* WelcomePresenter.swift in Sources */ = {isa = PBXBuildFile; fileRef = BF950BC824F52E630091F7F4 /* WelcomePresenter.swift */; };
		BF950BCB24F68E7C0091F7F4 /* LaunchTexts.swift in Sources */ = {isa = PBXBuildFile; fileRef = BF950BCA24F68E7C0091F7F4 /* LaunchTexts.swift */; };
		BF950BCD24F6A0030091F7F4 /* WelcomePage.swift in Sources */ = {isa = PBXBuildFile; fileRef = BF950BCC24F6A0030091F7F4 /* WelcomePage.swift */; };
		BFB357C324EBE07B00E117DD /* HealthInfoViewController.swift in Sources */ = {isa = PBXBuildFile; fileRef = BFB357C224EBE07B00E117DD /* HealthInfoViewController.swift */; };
		BFB357C624EC0CC100E117DD /* HowToUseTexts.swift in Sources */ = {isa = PBXBuildFile; fileRef = BFB357C524EC0CC100E117DD /* HowToUseTexts.swift */; };
		BFBCCB8A24AB8782005F93DB /* AppDelegate.swift in Sources */ = {isa = PBXBuildFile; fileRef = BFBCCB8924AB8782005F93DB /* AppDelegate.swift */; };
		BFBCCB8C24AB8782005F93DB /* SceneDelegate.swift in Sources */ = {isa = PBXBuildFile; fileRef = BFBCCB8B24AB8782005F93DB /* SceneDelegate.swift */; };
		BFBCCB8E24AB8782005F93DB /* CameraViewController.swift in Sources */ = {isa = PBXBuildFile; fileRef = BFBCCB8D24AB8782005F93DB /* CameraViewController.swift */; };
		BFBCCB9124AB8782005F93DB /* Main.storyboard in Resources */ = {isa = PBXBuildFile; fileRef = BFBCCB8F24AB8782005F93DB /* Main.storyboard */; };
		BFBCCB9424AB8782005F93DB /* HeadLight2020.xcdatamodeld in Sources */ = {isa = PBXBuildFile; fileRef = BFBCCB9224AB8782005F93DB /* HeadLight2020.xcdatamodeld */; };
		BFBCCB9624AB8785005F93DB /* Assets.xcassets in Resources */ = {isa = PBXBuildFile; fileRef = BFBCCB9524AB8785005F93DB /* Assets.xcassets */; };
		BFBCCBEE24B32134005F93DB /* CameraViewModel.swift in Sources */ = {isa = PBXBuildFile; fileRef = BFBCCBED24B32134005F93DB /* CameraViewModel.swift */; };
		BFBCCBF024B33F67005F93DB /* ResultsViewController.swift in Sources */ = {isa = PBXBuildFile; fileRef = BFBCCBEF24B33F67005F93DB /* ResultsViewController.swift */; };
		BFF48A5724D0AAC600304DB9 /* PopUpView.swift in Sources */ = {isa = PBXBuildFile; fileRef = BFF48A5624D0AAC600304DB9 /* PopUpView.swift */; };
		BFF48A6024D0C1E500304DB9 /* SwipingController.swift in Sources */ = {isa = PBXBuildFile; fileRef = BFF48A5F24D0C1E500304DB9 /* SwipingController.swift */; };
		BFF48A6224D7425500304DB9 /* MoreInfoObject.swift in Sources */ = {isa = PBXBuildFile; fileRef = BFF48A6124D7425500304DB9 /* MoreInfoObject.swift */; };
		BFF48A6424D745DF00304DB9 /* MoreInfoObjectTexts.swift in Sources */ = {isa = PBXBuildFile; fileRef = BFF48A6324D745DF00304DB9 /* MoreInfoObjectTexts.swift */; };
		BFF48A6624D75CBC00304DB9 /* InfoCell.swift in Sources */ = {isa = PBXBuildFile; fileRef = BFF48A6524D75CBC00304DB9 /* InfoCell.swift */; };
/* End PBXBuildFile section */

/* Begin PBXFileReference section */
		05A428F84C6406DD9932DAC1 /* Pods-HeadLight2020.release.xcconfig */ = {isa = PBXFileReference; includeInIndex = 1; lastKnownFileType = text.xcconfig; name = "Pods-HeadLight2020.release.xcconfig"; path = "Target Support Files/Pods-HeadLight2020/Pods-HeadLight2020.release.xcconfig"; sourceTree = "<group>"; };
		76D4DEBCFC7A40B37E948F5B /* Pods-HeadLight2020.debug.xcconfig */ = {isa = PBXFileReference; includeInIndex = 1; lastKnownFileType = text.xcconfig; name = "Pods-HeadLight2020.debug.xcconfig"; path = "Target Support Files/Pods-HeadLight2020/Pods-HeadLight2020.debug.xcconfig"; sourceTree = "<group>"; };
		8CBAC868CCFA279193463738 /* Pods_HeadLight2020.framework */ = {isa = PBXFileReference; explicitFileType = wrapper.framework; includeInIndex = 0; path = Pods_HeadLight2020.framework; sourceTree = BUILT_PRODUCTS_DIR; };
		BF41A11F24D771B800228F81 /* State.swift */ = {isa = PBXFileReference; lastKnownFileType = sourcecode.swift; path = State.swift; sourceTree = "<group>"; };
		BF41A12124D7790C00228F81 /* StateHolder.swift */ = {isa = PBXFileReference; lastKnownFileType = sourcecode.swift; path = StateHolder.swift; sourceTree = "<group>"; };
		BF436D0A2501050E000A7722 /* FadeScrollView.swift */ = {isa = PBXFileReference; lastKnownFileType = sourcecode.swift; path = FadeScrollView.swift; sourceTree = "<group>"; };
		BF436D0C250397B0000A7722 /* AboutTexts.swift */ = {isa = PBXFileReference; lastKnownFileType = sourcecode.swift; path = AboutTexts.swift; sourceTree = "<group>"; };
		BF436D0E25067CDF000A7722 /* TipsTexts.swift */ = {isa = PBXFileReference; lastKnownFileType = sourcecode.swift; path = TipsTexts.swift; sourceTree = "<group>"; };
		BF436D102506DE0A000A7722 /* RestoreController.swift */ = {isa = PBXFileReference; lastKnownFileType = sourcecode.swift; path = RestoreController.swift; sourceTree = "<group>"; };
		BF4A255C24D839D000E03B6C /* Poppins-Light.ttf */ = {isa = PBXFileReference; lastKnownFileType = file; path = "Poppins-Light.ttf"; sourceTree = "<group>"; };
		BF55027124EC724A00B6B7C5 /* Lora-Regular.ttf */ = {isa = PBXFileReference; lastKnownFileType = file; path = "Lora-Regular.ttf"; sourceTree = "<group>"; };
		BF55027324EC725200B6B7C5 /* Lora-Medium.ttf */ = {isa = PBXFileReference; lastKnownFileType = file; path = "Lora-Medium.ttf"; sourceTree = "<group>"; };
		BF634E8524CB13C80050CE69 /* Poppins-SemiBold.ttf */ = {isa = PBXFileReference; lastKnownFileType = file; path = "Poppins-SemiBold.ttf"; sourceTree = "<group>"; };
		BF634E8724CB13CF0050CE69 /* Poppins-Italic.ttf */ = {isa = PBXFileReference; lastKnownFileType = file; path = "Poppins-Italic.ttf"; sourceTree = "<group>"; };
		BF634E8B24CDC22A0050CE69 /* PulseAnimation.swift */ = {isa = PBXFileReference; lastKnownFileType = sourcecode.swift; path = PulseAnimation.swift; sourceTree = "<group>"; };
		BF634E8D24CDF2270050CE69 /* MenuListController.swift */ = {isa = PBXFileReference; lastKnownFileType = sourcecode.swift; path = MenuListController.swift; sourceTree = "<group>"; };
		BF634E8F24CE42770050CE69 /* HowToUseController.swift */ = {isa = PBXFileReference; lastKnownFileType = sourcecode.swift; path = HowToUseController.swift; sourceTree = "<group>"; };
		BF70F6E524C71A2B0044F6B3 /* CameraCapture.swift */ = {isa = PBXFileReference; lastKnownFileType = sourcecode.swift; path = CameraCapture.swift; sourceTree = "<group>"; };
		BF70F6E924C849450044F6B3 /* Constants.swift */ = {isa = PBXFileReference; lastKnownFileType = sourcecode.swift; path = Constants.swift; sourceTree = "<group>"; };
		BF70F6EB24C84D650044F6B3 /* MotionSensor.swift */ = {isa = PBXFileReference; lastKnownFileType = sourcecode.swift; path = MotionSensor.swift; sourceTree = "<group>"; };
		BF70F6F524C887DB0044F6B3 /* Poppins-ExtraLight.ttf */ = {isa = PBXFileReference; lastKnownFileType = file; path = "Poppins-ExtraLight.ttf"; sourceTree = "<group>"; };
		BF75E3E424E1CACC000E9F7C /* Result.swift */ = {isa = PBXFileReference; lastKnownFileType = sourcecode.swift; path = Result.swift; sourceTree = "<group>"; };
		BF75E3E624E1CB37000E9F7C /* FourierModel.swift */ = {isa = PBXFileReference; lastKnownFileType = sourcecode.swift; path = FourierModel.swift; sourceTree = "<group>"; };
		BF75E3E824E1E925000E9F7C /* Poppins-ExtraBold.ttf */ = {isa = PBXFileReference; lastKnownFileType = file; path = "Poppins-ExtraBold.ttf"; sourceTree = "<group>"; };
		BF75E3EA24E1EF1E000E9F7C /* Poppins-BlackItalic.ttf */ = {isa = PBXFileReference; lastKnownFileType = file; path = "Poppins-BlackItalic.ttf"; sourceTree = "<group>"; };
		BF75E3EC24E40523000E9F7C /* ResultSwipingController.swift */ = {isa = PBXFileReference; lastKnownFileType = sourcecode.swift; path = ResultSwipingController.swift; sourceTree = "<group>"; };
		BF75E3EE24E40CCB000E9F7C /* ResultsCell.swift */ = {isa = PBXFileReference; lastKnownFileType = sourcecode.swift; path = ResultsCell.swift; sourceTree = "<group>"; };
		BF75E3F024E4425A000E9F7C /* Poppins-Medium.ttf */ = {isa = PBXFileReference; lastKnownFileType = file; path = "Poppins-Medium.ttf"; sourceTree = "<group>"; };
		BF75E3FA24E68124000E9F7C /* Launcher.xib */ = {isa = PBXFileReference; lastKnownFileType = file.xib; path = Launcher.xib; sourceTree = "<group>"; };
		BF75E3FC24E68149000E9F7C /* LaunchScreenManager.swift */ = {isa = PBXFileReference; lastKnownFileType = sourcecode.swift; path = LaunchScreenManager.swift; sourceTree = "<group>"; };
		BF7778AD24EC8318006F891B /* GrandHotel-Regular.ttf */ = {isa = PBXFileReference; lastKnownFileType = file; path = "GrandHotel-Regular.ttf"; sourceTree = "<group>"; };
		BF7778AF24EC83BC006F891B /* Sacramento-Regular.ttf */ = {isa = PBXFileReference; lastKnownFileType = file; path = "Sacramento-Regular.ttf"; sourceTree = "<group>"; };
		BF7778B524EDC7CB006F891B /* HowToSwiperController.swift */ = {isa = PBXFileReference; lastKnownFileType = sourcecode.swift; path = HowToSwiperController.swift; sourceTree = "<group>"; };
		BF7778B724EDC7EB006F891B /* HowToCell.swift */ = {isa = PBXFileReference; lastKnownFileType = sourcecode.swift; path = HowToCell.swift; sourceTree = "<group>"; };
		BF7778B924EDC878006F891B /* HowToSlide.swift */ = {isa = PBXFileReference; lastKnownFileType = sourcecode.swift; path = HowToSlide.swift; sourceTree = "<group>"; };
		BF7778BB24EFABDC006F891B /* TipsViewController.swift */ = {isa = PBXFileReference; lastKnownFileType = sourcecode.swift; path = TipsViewController.swift; sourceTree = "<group>"; };
		BF7778BD24EFC2DE006F891B /* Switcher.swift */ = {isa = PBXFileReference; lastKnownFileType = sourcecode.swift; path = Switcher.swift; sourceTree = "<group>"; };
		BF7778BF24EFF8AC006F891B /* AboutViewController.swift */ = {isa = PBXFileReference; lastKnownFileType = sourcecode.swift; path = AboutViewController.swift; sourceTree = "<group>"; };
		BF7778C124F00C29006F891B /* StoreKit.framework */ = {isa = PBXFileReference; lastKnownFileType = wrapper.framework; name = StoreKit.framework; path = System/Library/Frameworks/StoreKit.framework; sourceTree = SDKROOT; };
		BF8210AE24CF1D77000F4A74 /* CustomCell.swift */ = {isa = PBXFileReference; lastKnownFileType = sourcecode.swift; path = CustomCell.swift; sourceTree = "<group>"; };
		BF950BC624F41E010091F7F4 /* HealthTexts.swift */ = {isa = PBXFileReference; lastKnownFileType = sourcecode.swift; path = HealthTexts.swift; sourceTree = "<group>"; };
		BF950BC824F52E630091F7F4 /* WelcomePresenter.swift */ = {isa = PBXFileReference; lastKnownFileType = sourcecode.swift; path = WelcomePresenter.swift; sourceTree = "<group>"; };
		BF950BCA24F68E7C0091F7F4 /* LaunchTexts.swift */ = {isa = PBXFileReference; lastKnownFileType = sourcecode.swift; path = LaunchTexts.swift; sourceTree = "<group>"; };
		BF950BCC24F6A0030091F7F4 /* WelcomePage.swift */ = {isa = PBXFileReference; lastKnownFileType = sourcecode.swift; path = WelcomePage.swift; sourceTree = "<group>"; };
		BFB357C224EBE07B00E117DD /* HealthInfoViewController.swift */ = {isa = PBXFileReference; lastKnownFileType = sourcecode.swift; path = HealthInfoViewController.swift; sourceTree = "<group>"; };
		BFB357C524EC0CC100E117DD /* HowToUseTexts.swift */ = {isa = PBXFileReference; lastKnownFileType = sourcecode.swift; path = HowToUseTexts.swift; sourceTree = "<group>"; };
		BFBCCB8624AB8782005F93DB /* HeadLight2020.app */ = {isa = PBXFileReference; explicitFileType = wrapper.application; includeInIndex = 0; path = HeadLight2020.app; sourceTree = BUILT_PRODUCTS_DIR; };
		BFBCCB8924AB8782005F93DB /* AppDelegate.swift */ = {isa = PBXFileReference; lastKnownFileType = sourcecode.swift; path = AppDelegate.swift; sourceTree = "<group>"; };
		BFBCCB8B24AB8782005F93DB /* SceneDelegate.swift */ = {isa = PBXFileReference; lastKnownFileType = sourcecode.swift; path = SceneDelegate.swift; sourceTree = "<group>"; };
		BFBCCB8D24AB8782005F93DB /* CameraViewController.swift */ = {isa = PBXFileReference; lastKnownFileType = sourcecode.swift; path = CameraViewController.swift; sourceTree = "<group>"; };
		BFBCCB9024AB8782005F93DB /* Base */ = {isa = PBXFileReference; lastKnownFileType = file.storyboard; name = Base; path = Base.lproj/Main.storyboard; sourceTree = "<group>"; };
		BFBCCB9324AB8782005F93DB /* HeadLight2020.xcdatamodel */ = {isa = PBXFileReference; lastKnownFileType = wrapper.xcdatamodel; path = HeadLight2020.xcdatamodel; sourceTree = "<group>"; };
		BFBCCB9524AB8785005F93DB /* Assets.xcassets */ = {isa = PBXFileReference; lastKnownFileType = folder.assetcatalog; path = Assets.xcassets; sourceTree = "<group>"; };
		BFBCCB9A24AB8785005F93DB /* Info.plist */ = {isa = PBXFileReference; lastKnownFileType = text.plist.xml; path = Info.plist; sourceTree = "<group>"; };
		BFBCCBED24B32134005F93DB /* CameraViewModel.swift */ = {isa = PBXFileReference; lastKnownFileType = sourcecode.swift; path = CameraViewModel.swift; sourceTree = "<group>"; };
		BFBCCBEF24B33F67005F93DB /* ResultsViewController.swift */ = {isa = PBXFileReference; lastKnownFileType = sourcecode.swift; path = ResultsViewController.swift; sourceTree = "<group>"; };
		BFF48A5624D0AAC600304DB9 /* PopUpView.swift */ = {isa = PBXFileReference; lastKnownFileType = sourcecode.swift; path = PopUpView.swift; sourceTree = "<group>"; };
		BFF48A5F24D0C1E500304DB9 /* SwipingController.swift */ = {isa = PBXFileReference; lastKnownFileType = sourcecode.swift; path = SwipingController.swift; sourceTree = "<group>"; };
		BFF48A6124D7425500304DB9 /* MoreInfoObject.swift */ = {isa = PBXFileReference; lastKnownFileType = sourcecode.swift; path = MoreInfoObject.swift; sourceTree = "<group>"; };
		BFF48A6324D745DF00304DB9 /* MoreInfoObjectTexts.swift */ = {isa = PBXFileReference; lastKnownFileType = sourcecode.swift; path = MoreInfoObjectTexts.swift; sourceTree = "<group>"; };
		BFF48A6524D75CBC00304DB9 /* InfoCell.swift */ = {isa = PBXFileReference; lastKnownFileType = sourcecode.swift; path = InfoCell.swift; sourceTree = "<group>"; };
/* End PBXFileReference section */

/* Begin PBXFrameworksBuildPhase section */
		BFBCCB8324AB8782005F93DB /* Frameworks */ = {
			isa = PBXFrameworksBuildPhase;
			buildActionMask = 2147483647;
			files = (
				AA244A2DC33F1696CFC13368 /* Pods_HeadLight2020.framework in Frameworks */,
				BF7778C224F00C29006F891B /* StoreKit.framework in Frameworks */,
			);
			runOnlyForDeploymentPostprocessing = 0;
		};
/* End PBXFrameworksBuildPhase section */

/* Begin PBXGroup section */
		B68F61CE6BFB1E212DE93F9E /* Pods */ = {
			isa = PBXGroup;
			children = (
				76D4DEBCFC7A40B37E948F5B /* Pods-HeadLight2020.debug.xcconfig */,
				05A428F84C6406DD9932DAC1 /* Pods-HeadLight2020.release.xcconfig */,
			);
			path = Pods;
			sourceTree = "<group>";
		};
		BF70F6E724C849040044F6B3 /* ViewModels */ = {
			isa = PBXGroup;
			children = (
				BFBCCBED24B32134005F93DB /* CameraViewModel.swift */,
			);
			path = ViewModels;
			sourceTree = "<group>";
		};
		BF70F6E824C849300044F6B3 /* Constants */ = {
			isa = PBXGroup;
			children = (
				BF70F6E924C849450044F6B3 /* Constants.swift */,
			);
			path = Constants;
			sourceTree = "<group>";
		};
		BF75E3F224E67963000E9F7C /* Fonts */ = {
			isa = PBXGroup;
			children = (
				BF7778AF24EC83BC006F891B /* Sacramento-Regular.ttf */,
				BF7778AD24EC8318006F891B /* GrandHotel-Regular.ttf */,
				BF55027324EC725200B6B7C5 /* Lora-Medium.ttf */,
				BF55027124EC724A00B6B7C5 /* Lora-Regular.ttf */,
				BF75E3EA24E1EF1E000E9F7C /* Poppins-BlackItalic.ttf */,
				BF75E3E824E1E925000E9F7C /* Poppins-ExtraBold.ttf */,
				BF75E3F024E4425A000E9F7C /* Poppins-Medium.ttf */,
				BF70F6F524C887DB0044F6B3 /* Poppins-ExtraLight.ttf */,
				BF4A255C24D839D000E03B6C /* Poppins-Light.ttf */,
				BF634E8524CB13C80050CE69 /* Poppins-SemiBold.ttf */,
				BF634E8724CB13CF0050CE69 /* Poppins-Italic.ttf */,
			);
			path = Fonts;
			sourceTree = "<group>";
		};
		BFB357C424EC0C9600E117DD /* Texts */ = {
			isa = PBXGroup;
			children = (
				BFF48A6324D745DF00304DB9 /* MoreInfoObjectTexts.swift */,
				BFB357C524EC0CC100E117DD /* HowToUseTexts.swift */,
				BF950BC624F41E010091F7F4 /* HealthTexts.swift */,
				BF950BCA24F68E7C0091F7F4 /* LaunchTexts.swift */,
				BF436D0C250397B0000A7722 /* AboutTexts.swift */,
				BF436D0E25067CDF000A7722 /* TipsTexts.swift */,
			);
			path = Texts;
			sourceTree = "<group>";
		};
		BFBCCB7D24AB8782005F93DB = {
			isa = PBXGroup;
			children = (
				BFBCCB8824AB8782005F93DB /* HeadLight2020 */,
				BFBCCB8724AB8782005F93DB /* Products */,
				B68F61CE6BFB1E212DE93F9E /* Pods */,
				F584E4F84D5241CF8E5C442A /* Frameworks */,
			);
			sourceTree = "<group>";
		};
		BFBCCB8724AB8782005F93DB /* Products */ = {
			isa = PBXGroup;
			children = (
				BFBCCB8624AB8782005F93DB /* HeadLight2020.app */,
			);
			name = Products;
			sourceTree = "<group>";
		};
		BFBCCB8824AB8782005F93DB /* HeadLight2020 */ = {
			isa = PBXGroup;
			children = (
				BFB357C424EC0C9600E117DD /* Texts */,
				BF70F6E824C849300044F6B3 /* Constants */,
				BFBCCBF124B33F6F005F93DB /* ViewControllers */,
				BF70F6E724C849040044F6B3 /* ViewModels */,
				BFBCCBF424B4AC57005F93DB /* Model */,
				BF75E3F224E67963000E9F7C /* Fonts */,
				BFBCCB8924AB8782005F93DB /* AppDelegate.swift */,
				BFBCCB8B24AB8782005F93DB /* SceneDelegate.swift */,
				BFBCCB8F24AB8782005F93DB /* Main.storyboard */,
				BFBCCB9524AB8785005F93DB /* Assets.xcassets */,
				BFBCCB9A24AB8785005F93DB /* Info.plist */,
				BFBCCB9224AB8782005F93DB /* HeadLight2020.xcdatamodeld */,
				BF75E3FA24E68124000E9F7C /* Launcher.xib */,
				BF75E3FC24E68149000E9F7C /* LaunchScreenManager.swift */,
			);
			path = HeadLight2020;
			sourceTree = "<group>";
		};
		BFBCCBF124B33F6F005F93DB /* ViewControllers */ = {
			isa = PBXGroup;
			children = (
				BFF48A5824D0AACC00304DB9 /* Classes */,
				BFBCCB8D24AB8782005F93DB /* CameraViewController.swift */,
				BFBCCBEF24B33F67005F93DB /* ResultsViewController.swift */,
				BF634E8F24CE42770050CE69 /* HowToUseController.swift */,
				BFB357C224EBE07B00E117DD /* HealthInfoViewController.swift */,
				BF7778BB24EFABDC006F891B /* TipsViewController.swift */,
				BF7778BF24EFF8AC006F891B /* AboutViewController.swift */,
				BF950BCC24F6A0030091F7F4 /* WelcomePage.swift */,
				BF950BC824F52E630091F7F4 /* WelcomePresenter.swift */,
				BF634E8D24CDF2270050CE69 /* MenuListController.swift */,
				BF436D102506DE0A000A7722 /* RestoreController.swift */,
			);
			path = ViewControllers;
			sourceTree = "<group>";
		};
		BFBCCBF424B4AC57005F93DB /* Model */ = {
			isa = PBXGroup;
			children = (
				BF70F6E524C71A2B0044F6B3 /* CameraCapture.swift */,
				BF70F6EB24C84D650044F6B3 /* MotionSensor.swift */,
				BF41A11F24D771B800228F81 /* State.swift */,
				BF41A12124D7790C00228F81 /* StateHolder.swift */,
				BF75E3E424E1CACC000E9F7C /* Result.swift */,
				BF75E3E624E1CB37000E9F7C /* FourierModel.swift */,
			);
			path = Model;
			sourceTree = "<group>";
		};
		BFF48A5824D0AACC00304DB9 /* Classes */ = {
			isa = PBXGroup;
			children = (
				BF634E8B24CDC22A0050CE69 /* PulseAnimation.swift */,
				BF8210AE24CF1D77000F4A74 /* CustomCell.swift */,
				BFF48A5624D0AAC600304DB9 /* PopUpView.swift */,
				BFF48A6124D7425500304DB9 /* MoreInfoObject.swift */,
				BFF48A5F24D0C1E500304DB9 /* SwipingController.swift */,
				BFF48A6524D75CBC00304DB9 /* InfoCell.swift */,
				BF75E3EC24E40523000E9F7C /* ResultSwipingController.swift */,
				BF75E3EE24E40CCB000E9F7C /* ResultsCell.swift */,
				BF7778B524EDC7CB006F891B /* HowToSwiperController.swift */,
				BF7778B724EDC7EB006F891B /* HowToCell.swift */,
				BF7778B924EDC878006F891B /* HowToSlide.swift */,
				BF7778BD24EFC2DE006F891B /* Switcher.swift */,
				BF436D0A2501050E000A7722 /* FadeScrollView.swift */,
			);
			path = Classes;
			sourceTree = "<group>";
		};
		F584E4F84D5241CF8E5C442A /* Frameworks */ = {
			isa = PBXGroup;
			children = (
				BF7778C124F00C29006F891B /* StoreKit.framework */,
				8CBAC868CCFA279193463738 /* Pods_HeadLight2020.framework */,
			);
			name = Frameworks;
			sourceTree = "<group>";
		};
/* End PBXGroup section */

/* Begin PBXNativeTarget section */
		BFBCCB8524AB8782005F93DB /* HeadLight2020 */ = {
			isa = PBXNativeTarget;
			buildConfigurationList = BFBCCB9D24AB8785005F93DB /* Build configuration list for PBXNativeTarget "HeadLight2020" */;
			buildPhases = (
				3EB5287F9EC6C9C1CC1AB74B /* [CP] Check Pods Manifest.lock */,
				BFBCCB8224AB8782005F93DB /* Sources */,
				BFBCCB8324AB8782005F93DB /* Frameworks */,
				BFBCCB8424AB8782005F93DB /* Resources */,
				B09A54AD052A23B5B95BE4DB /* [CP] Embed Pods Frameworks */,
			);
			buildRules = (
			);
			dependencies = (
			);
			name = HeadLight2020;
			productName = HeadLight2020;
			productReference = BFBCCB8624AB8782005F93DB /* HeadLight2020.app */;
			productType = "com.apple.product-type.application";
		};
/* End PBXNativeTarget section */

/* Begin PBXProject section */
		BFBCCB7E24AB8782005F93DB /* Project object */ = {
			isa = PBXProject;
			attributes = {
				KnownAssetTags = (
					1,
				);
				LastSwiftUpdateCheck = 1150;
				LastUpgradeCheck = 1150;
				ORGANIZATIONNAME = Ingrid;
				TargetAttributes = {
					BFBCCB8524AB8782005F93DB = {
						CreatedOnToolsVersion = 11.5;
					};
				};
			};
			buildConfigurationList = BFBCCB8124AB8782005F93DB /* Build configuration list for PBXProject "HeadLight2020" */;
			compatibilityVersion = "Xcode 9.3";
			developmentRegion = en;
			hasScannedForEncodings = 0;
			knownRegions = (
				en,
				Base,
			);
			mainGroup = BFBCCB7D24AB8782005F93DB;
			productRefGroup = BFBCCB8724AB8782005F93DB /* Products */;
			projectDirPath = "";
			projectRoot = "";
			targets = (
				BFBCCB8524AB8782005F93DB /* HeadLight2020 */,
			);
		};
/* End PBXProject section */

/* Begin PBXResourcesBuildPhase section */
		BFBCCB8424AB8782005F93DB /* Resources */ = {
			isa = PBXResourcesBuildPhase;
			buildActionMask = 2147483647;
			files = (
				BF4A255D24D839D100E03B6C /* Poppins-Light.ttf in Resources */,
				BF75E3FB24E68124000E9F7C /* Launcher.xib in Resources */,
				BF7778B024EC83BC006F891B /* Sacramento-Regular.ttf in Resources */,
				BF634E8824CB13CF0050CE69 /* Poppins-Italic.ttf in Resources */,
				BF634E8624CB13C80050CE69 /* Poppins-SemiBold.ttf in Resources */,
				BF70F6F624C888180044F6B3 /* Poppins-ExtraLight.ttf in Resources */,
				BF75E3E924E1E925000E9F7C /* Poppins-ExtraBold.ttf in Resources */,
				BFBCCB9624AB8785005F93DB /* Assets.xcassets in Resources */,
				BF7778AE24EC8318006F891B /* GrandHotel-Regular.ttf in Resources */,
				BF75E3EB24E1EF1E000E9F7C /* Poppins-BlackItalic.ttf in Resources */,
				BFBCCB9124AB8782005F93DB /* Main.storyboard in Resources */,
				BF75E3F124E4425A000E9F7C /* Poppins-Medium.ttf in Resources */,
				BF55027224EC724A00B6B7C5 /* Lora-Regular.ttf in Resources */,
				BF55027424EC725200B6B7C5 /* Lora-Medium.ttf in Resources */,
			);
			runOnlyForDeploymentPostprocessing = 0;
		};
/* End PBXResourcesBuildPhase section */

/* Begin PBXShellScriptBuildPhase section */
		3EB5287F9EC6C9C1CC1AB74B /* [CP] Check Pods Manifest.lock */ = {
			isa = PBXShellScriptBuildPhase;
			buildActionMask = 2147483647;
			files = (
			);
			inputFileListPaths = (
			);
			inputPaths = (
				"${PODS_PODFILE_DIR_PATH}/Podfile.lock",
				"${PODS_ROOT}/Manifest.lock",
			);
			name = "[CP] Check Pods Manifest.lock";
			outputFileListPaths = (
			);
			outputPaths = (
				"$(DERIVED_FILE_DIR)/Pods-HeadLight2020-checkManifestLockResult.txt",
			);
			runOnlyForDeploymentPostprocessing = 0;
			shellPath = /bin/sh;
			shellScript = "diff \"${PODS_PODFILE_DIR_PATH}/Podfile.lock\" \"${PODS_ROOT}/Manifest.lock\" > /dev/null\nif [ $? != 0 ] ; then\n    # print error to STDERR\n    echo \"error: The sandbox is not in sync with the Podfile.lock. Run 'pod install' or update your CocoaPods installation.\" >&2\n    exit 1\nfi\n# This output is used by Xcode 'outputs' to avoid re-running this script phase.\necho \"SUCCESS\" > \"${SCRIPT_OUTPUT_FILE_0}\"\n";
			showEnvVarsInLog = 0;
		};
		B09A54AD052A23B5B95BE4DB /* [CP] Embed Pods Frameworks */ = {
			isa = PBXShellScriptBuildPhase;
			buildActionMask = 2147483647;
			files = (
			);
			inputFileListPaths = (
				"${PODS_ROOT}/Target Support Files/Pods-HeadLight2020/Pods-HeadLight2020-frameworks-${CONFIGURATION}-input-files.xcfilelist",
			);
			name = "[CP] Embed Pods Frameworks";
			outputFileListPaths = (
				"${PODS_ROOT}/Target Support Files/Pods-HeadLight2020/Pods-HeadLight2020-frameworks-${CONFIGURATION}-output-files.xcfilelist",
			);
			runOnlyForDeploymentPostprocessing = 0;
			shellPath = /bin/sh;
			shellScript = "\"${PODS_ROOT}/Target Support Files/Pods-HeadLight2020/Pods-HeadLight2020-frameworks.sh\"\n";
			showEnvVarsInLog = 0;
		};
/* End PBXShellScriptBuildPhase section */

/* Begin PBXSourcesBuildPhase section */
		BFBCCB8224AB8782005F93DB /* Sources */ = {
			isa = PBXSourcesBuildPhase;
			buildActionMask = 2147483647;
			files = (
				BFF48A5724D0AAC600304DB9 /* PopUpView.swift in Sources */,
				BF436D112506DE0B000A7722 /* RestoreController.swift in Sources */,
				BFBCCB9424AB8782005F93DB /* HeadLight2020.xcdatamodeld in Sources */,
				BF41A12024D771B800228F81 /* State.swift in Sources */,
				BF950BCB24F68E7C0091F7F4 /* LaunchTexts.swift in Sources */,
				BF75E3EF24E40CCB000E9F7C /* ResultsCell.swift in Sources */,
				BF7778B824EDC7EB006F891B /* HowToCell.swift in Sources */,
				BFF48A6224D7425500304DB9 /* MoreInfoObject.swift in Sources */,
				BF7778B624EDC7CB006F891B /* HowToSwiperController.swift in Sources */,
				BFBCCB8E24AB8782005F93DB /* CameraViewController.swift in Sources */,
				BFB357C324EBE07B00E117DD /* HealthInfoViewController.swift in Sources */,
				BF7778BC24EFABDC006F891B /* TipsViewController.swift in Sources */,
				BF950BCD24F6A0030091F7F4 /* WelcomePage.swift in Sources */,
				BF75E3ED24E40523000E9F7C /* ResultSwipingController.swift in Sources */,
				BF70F6E624C71A2B0044F6B3 /* CameraCapture.swift in Sources */,
				BF75E3FD24E68149000E9F7C /* LaunchScreenManager.swift in Sources */,
				BF634E8E24CDF2270050CE69 /* MenuListController.swift in Sources */,
				BF75E3E724E1CB37000E9F7C /* FourierModel.swift in Sources */,
				BF634E8C24CDC22A0050CE69 /* PulseAnimation.swift in Sources */,
				BF950BC924F52E630091F7F4 /* WelcomePresenter.swift in Sources */,
				BF634E9024CE42770050CE69 /* HowToUseController.swift in Sources */,
				BF75E3E524E1CACC000E9F7C /* Result.swift in Sources */,
				BF7778BE24EFC2DF006F891B /* Switcher.swift in Sources */,
				BFF48A6624D75CBC00304DB9 /* InfoCell.swift in Sources */,
				BFB357C624EC0CC100E117DD /* HowToUseTexts.swift in Sources */,
				BFBCCBF024B33F67005F93DB /* ResultsViewController.swift in Sources */,
				BFBCCB8A24AB8782005F93DB /* AppDelegate.swift in Sources */,
				BF436D0F25067CDF000A7722 /* TipsTexts.swift in Sources */,
				BFF48A6424D745DF00304DB9 /* MoreInfoObjectTexts.swift in Sources */,
				BF7778C024EFF8AC006F891B /* AboutViewController.swift in Sources */,
				BFBCCB8C24AB8782005F93DB /* SceneDelegate.swift in Sources */,
				BF950BC724F41E010091F7F4 /* HealthTexts.swift in Sources */,
				BF7778BA24EDC878006F891B /* HowToSlide.swift in Sources */,
				BF436D0D250397B0000A7722 /* AboutTexts.swift in Sources */,
				BF436D0B2501050E000A7722 /* FadeScrollView.swift in Sources */,
				BFF48A6024D0C1E500304DB9 /* SwipingController.swift in Sources */,
				BFBCCBEE24B32134005F93DB /* CameraViewModel.swift in Sources */,
				BF41A12224D7790C00228F81 /* StateHolder.swift in Sources */,
				BF70F6EA24C849450044F6B3 /* Constants.swift in Sources */,
				BF8210AF24CF1D77000F4A74 /* CustomCell.swift in Sources */,
				BF70F6EC24C84D650044F6B3 /* MotionSensor.swift in Sources */,
			);
			runOnlyForDeploymentPostprocessing = 0;
		};
/* End PBXSourcesBuildPhase section */

/* Begin PBXVariantGroup section */
		BFBCCB8F24AB8782005F93DB /* Main.storyboard */ = {
			isa = PBXVariantGroup;
			children = (
				BFBCCB9024AB8782005F93DB /* Base */,
			);
			name = Main.storyboard;
			sourceTree = "<group>";
		};
/* End PBXVariantGroup section */

/* Begin XCBuildConfiguration section */
		BFBCCB9B24AB8785005F93DB /* Debug */ = {
			isa = XCBuildConfiguration;
			buildSettings = {
				ALWAYS_SEARCH_USER_PATHS = NO;
				CLANG_ANALYZER_NONNULL = YES;
				CLANG_ANALYZER_NUMBER_OBJECT_CONVERSION = YES_AGGRESSIVE;
				CLANG_CXX_LANGUAGE_STANDARD = "gnu++14";
				CLANG_CXX_LIBRARY = "libc++";
				CLANG_ENABLE_MODULES = YES;
				CLANG_ENABLE_OBJC_ARC = YES;
				CLANG_ENABLE_OBJC_WEAK = YES;
				CLANG_WARN_BLOCK_CAPTURE_AUTORELEASING = YES;
				CLANG_WARN_BOOL_CONVERSION = YES;
				CLANG_WARN_COMMA = YES;
				CLANG_WARN_CONSTANT_CONVERSION = YES;
				CLANG_WARN_DEPRECATED_OBJC_IMPLEMENTATIONS = YES;
				CLANG_WARN_DIRECT_OBJC_ISA_USAGE = YES_ERROR;
				CLANG_WARN_DOCUMENTATION_COMMENTS = YES;
				CLANG_WARN_EMPTY_BODY = YES;
				CLANG_WARN_ENUM_CONVERSION = YES;
				CLANG_WARN_INFINITE_RECURSION = YES;
				CLANG_WARN_INT_CONVERSION = YES;
				CLANG_WARN_NON_LITERAL_NULL_CONVERSION = YES;
				CLANG_WARN_OBJC_IMPLICIT_RETAIN_SELF = YES;
				CLANG_WARN_OBJC_LITERAL_CONVERSION = YES;
				CLANG_WARN_OBJC_ROOT_CLASS = YES_ERROR;
				CLANG_WARN_RANGE_LOOP_ANALYSIS = YES;
				CLANG_WARN_STRICT_PROTOTYPES = YES;
				CLANG_WARN_SUSPICIOUS_MOVE = YES;
				CLANG_WARN_UNGUARDED_AVAILABILITY = YES_AGGRESSIVE;
				CLANG_WARN_UNREACHABLE_CODE = YES;
				CLANG_WARN__DUPLICATE_METHOD_MATCH = YES;
				COPY_PHASE_STRIP = NO;
				DEBUG_INFORMATION_FORMAT = dwarf;
				ENABLE_STRICT_OBJC_MSGSEND = YES;
				ENABLE_TESTABILITY = YES;
				GCC_C_LANGUAGE_STANDARD = gnu11;
				GCC_DYNAMIC_NO_PIC = NO;
				GCC_NO_COMMON_BLOCKS = YES;
				GCC_OPTIMIZATION_LEVEL = 0;
				GCC_PREPROCESSOR_DEFINITIONS = (
					"DEBUG=1",
					"$(inherited)",
				);
				GCC_WARN_64_TO_32_BIT_CONVERSION = YES;
				GCC_WARN_ABOUT_RETURN_TYPE = YES_ERROR;
				GCC_WARN_UNDECLARED_SELECTOR = YES;
				GCC_WARN_UNINITIALIZED_AUTOS = YES_AGGRESSIVE;
				GCC_WARN_UNUSED_FUNCTION = YES;
				GCC_WARN_UNUSED_VARIABLE = YES;
				IPHONEOS_DEPLOYMENT_TARGET = 13.5;
				MTL_ENABLE_DEBUG_INFO = INCLUDE_SOURCE;
				MTL_FAST_MATH = YES;
				ONLY_ACTIVE_ARCH = YES;
				SDKROOT = iphoneos;
				SWIFT_ACTIVE_COMPILATION_CONDITIONS = DEBUG;
				SWIFT_OPTIMIZATION_LEVEL = "-Onone";
			};
			name = Debug;
		};
		BFBCCB9C24AB8785005F93DB /* Release */ = {
			isa = XCBuildConfiguration;
			buildSettings = {
				ALWAYS_SEARCH_USER_PATHS = NO;
				CLANG_ANALYZER_NONNULL = YES;
				CLANG_ANALYZER_NUMBER_OBJECT_CONVERSION = YES_AGGRESSIVE;
				CLANG_CXX_LANGUAGE_STANDARD = "gnu++14";
				CLANG_CXX_LIBRARY = "libc++";
				CLANG_ENABLE_MODULES = YES;
				CLANG_ENABLE_OBJC_ARC = YES;
				CLANG_ENABLE_OBJC_WEAK = YES;
				CLANG_WARN_BLOCK_CAPTURE_AUTORELEASING = YES;
				CLANG_WARN_BOOL_CONVERSION = YES;
				CLANG_WARN_COMMA = YES;
				CLANG_WARN_CONSTANT_CONVERSION = YES;
				CLANG_WARN_DEPRECATED_OBJC_IMPLEMENTATIONS = YES;
				CLANG_WARN_DIRECT_OBJC_ISA_USAGE = YES_ERROR;
				CLANG_WARN_DOCUMENTATION_COMMENTS = YES;
				CLANG_WARN_EMPTY_BODY = YES;
				CLANG_WARN_ENUM_CONVERSION = YES;
				CLANG_WARN_INFINITE_RECURSION = YES;
				CLANG_WARN_INT_CONVERSION = YES;
				CLANG_WARN_NON_LITERAL_NULL_CONVERSION = YES;
				CLANG_WARN_OBJC_IMPLICIT_RETAIN_SELF = YES;
				CLANG_WARN_OBJC_LITERAL_CONVERSION = YES;
				CLANG_WARN_OBJC_ROOT_CLASS = YES_ERROR;
				CLANG_WARN_RANGE_LOOP_ANALYSIS = YES;
				CLANG_WARN_STRICT_PROTOTYPES = YES;
				CLANG_WARN_SUSPICIOUS_MOVE = YES;
				CLANG_WARN_UNGUARDED_AVAILABILITY = YES_AGGRESSIVE;
				CLANG_WARN_UNREACHABLE_CODE = YES;
				CLANG_WARN__DUPLICATE_METHOD_MATCH = YES;
				COPY_PHASE_STRIP = NO;
				DEBUG_INFORMATION_FORMAT = "dwarf-with-dsym";
				ENABLE_NS_ASSERTIONS = NO;
				ENABLE_STRICT_OBJC_MSGSEND = YES;
				GCC_C_LANGUAGE_STANDARD = gnu11;
				GCC_NO_COMMON_BLOCKS = YES;
				GCC_WARN_64_TO_32_BIT_CONVERSION = YES;
				GCC_WARN_ABOUT_RETURN_TYPE = YES_ERROR;
				GCC_WARN_UNDECLARED_SELECTOR = YES;
				GCC_WARN_UNINITIALIZED_AUTOS = YES_AGGRESSIVE;
				GCC_WARN_UNUSED_FUNCTION = YES;
				GCC_WARN_UNUSED_VARIABLE = YES;
				IPHONEOS_DEPLOYMENT_TARGET = 13.5;
				MTL_ENABLE_DEBUG_INFO = NO;
				MTL_FAST_MATH = YES;
				SDKROOT = iphoneos;
				SWIFT_COMPILATION_MODE = wholemodule;
				SWIFT_OPTIMIZATION_LEVEL = "-O";
				VALIDATE_PRODUCT = YES;
			};
			name = Release;
		};
		BFBCCB9E24AB8785005F93DB /* Debug */ = {
			isa = XCBuildConfiguration;
			baseConfigurationReference = 76D4DEBCFC7A40B37E948F5B /* Pods-HeadLight2020.debug.xcconfig */;
			buildSettings = {
				ASSETCATALOG_COMPILER_APPICON_NAME = AppIcon;
				CODE_SIGN_STYLE = Automatic;
				CURRENT_PROJECT_VERSION = 4;
				DEVELOPMENT_TEAM = TDRH7B9W9S;
				INFOPLIST_FILE = HeadLight2020/Info.plist;
				IPHONEOS_DEPLOYMENT_TARGET = 13.0;
				LD_RUNPATH_SEARCH_PATHS = (
					"$(inherited)",
					"@executable_path/Frameworks",
				);
				PRODUCT_BUNDLE_IDENTIFIER = ingrid.HeadLight2020;
				PRODUCT_NAME = "$(TARGET_NAME)";
				SWIFT_VERSION = 5.0;
				TARGETED_DEVICE_FAMILY = 1;
			};
			name = Debug;
		};
		BFBCCB9F24AB8785005F93DB /* Release */ = {
			isa = XCBuildConfiguration;
			baseConfigurationReference = 05A428F84C6406DD9932DAC1 /* Pods-HeadLight2020.release.xcconfig */;
			buildSettings = {
				ASSETCATALOG_COMPILER_APPICON_NAME = AppIcon;
				CODE_SIGN_STYLE = Automatic;
				CURRENT_PROJECT_VERSION = 4;
				DEVELOPMENT_TEAM = TDRH7B9W9S;
				INFOPLIST_FILE = HeadLight2020/Info.plist;
				IPHONEOS_DEPLOYMENT_TARGET = 13.0;
				LD_RUNPATH_SEARCH_PATHS = (
					"$(inherited)",
					"@executable_path/Frameworks",
				);
				PRODUCT_BUNDLE_IDENTIFIER = ingrid.HeadLight2020;
				PRODUCT_NAME = "$(TARGET_NAME)";
				SWIFT_VERSION = 5.0;
				TARGETED_DEVICE_FAMILY = 1;
			};
			name = Release;
		};
/* End XCBuildConfiguration section */

/* Begin XCConfigurationList section */
		BFBCCB8124AB8782005F93DB /* Build configuration list for PBXProject "HeadLight2020" */ = {
			isa = XCConfigurationList;
			buildConfigurations = (
				BFBCCB9B24AB8785005F93DB /* Debug */,
				BFBCCB9C24AB8785005F93DB /* Release */,
			);
			defaultConfigurationIsVisible = 0;
			defaultConfigurationName = Release;
		};
		BFBCCB9D24AB8785005F93DB /* Build configuration list for PBXNativeTarget "HeadLight2020" */ = {
			isa = XCConfigurationList;
			buildConfigurations = (
				BFBCCB9E24AB8785005F93DB /* Debug */,
				BFBCCB9F24AB8785005F93DB /* Release */,
			);
			defaultConfigurationIsVisible = 0;
			defaultConfigurationName = Release;
		};
/* End XCConfigurationList section */

/* Begin XCVersionGroup section */
		BFBCCB9224AB8782005F93DB /* HeadLight2020.xcdatamodeld */ = {
			isa = XCVersionGroup;
			children = (
				BFBCCB9324AB8782005F93DB /* HeadLight2020.xcdatamodel */,
			);
			currentVersion = BFBCCB9324AB8782005F93DB /* HeadLight2020.xcdatamodel */;
			path = HeadLight2020.xcdatamodeld;
			sourceTree = "<group>";
			versionGroupType = wrapper.xcdatamodel;
		};
/* End XCVersionGroup section */
	};
	rootObject = BFBCCB7E24AB8782005F93DB /* Project object */;
}
